PODS:
  - Nimble (3.0.0)
  - Quick (0.8.0)

DEPENDENCIES:
  - Nimble (from `https://github.com/Quick/Nimble.git`)
  - Quick (from `https://github.com/Quick/Quick.git`)

EXTERNAL SOURCES:
  Nimble:
    :git: https://github.com/Quick/Nimble.git
  Quick:
    :git: https://github.com/Quick/Quick.git

CHECKOUT OPTIONS:
  Nimble:
    :commit: 7989d7e4ebc4d8d29adeb3acf88f4472a92a07f1
    :git: https://github.com/Quick/Nimble.git
  Quick:
    :commit: c3eab5f0947deeb44974a22fd0c7a10273c10035
    :git: https://github.com/Quick/Quick.git

SPEC CHECKSUMS:
  Nimble: 4c353d43735b38b545cbb4cb91504588eb5de926
  Quick: 563d0f6ec5f72e394645adb377708639b7dd38ab

COCOAPODS: 0.39.0
