// !$*UTF8*$!
{
	archiveVersion = 1;
	classes = {
	};
	objectVersion = 46;
	objects = {

/* Begin PBXBuildFile section */
		DC90F1B7ED7E6218D24F3EB8 /* Pods_SwiftExperimentUITests.framework in Frameworks */ = {isa = PBXBuildFile; fileRef = 8993E2EE26DF516905C94059 /* Pods_SwiftExperimentUITests.framework */; settings = {ATTRIBUTES = (Weak, ); }; };
		FA17C4FD1B610B21004C3F56 /* UIViewController+StoryboardIdentifier.swift in Sources */ = {isa = PBXBuildFile; fileRef = FA17C4FC1B610B21004C3F56 /* UIViewController+StoryboardIdentifier.swift */; };
		FA45475E1B5F242B0034D6D2 /* MovieDetailViewController.swift in Sources */ = {isa = PBXBuildFile; fileRef = FA45475D1B5F242B0034D6D2 /* MovieDetailViewController.swift */; };
		FA4547601B5F26C80034D6D2 /* MovieDetailView.swift in Sources */ = {isa = PBXBuildFile; fileRef = FA45475F1B5F26C80034D6D2 /* MovieDetailView.swift */; };
		FA4547631B5F2AAE0034D6D2 /* UITableViewCell+ReuseIdentifier.swift in Sources */ = {isa = PBXBuildFile; fileRef = FA4547621B5F2AAE0034D6D2 /* UITableViewCell+ReuseIdentifier.swift */; };
		FA49655C1B47598500D487F1 /* AppDelegate.swift in Sources */ = {isa = PBXBuildFile; fileRef = FA49655B1B47598500D487F1 /* AppDelegate.swift */; };
		FA4965611B47598500D487F1 /* Main.storyboard in Resources */ = {isa = PBXBuildFile; fileRef = FA49655F1B47598500D487F1 /* Main.storyboard */; };
		FA4965631B47598500D487F1 /* Assets.xcassets in Resources */ = {isa = PBXBuildFile; fileRef = FA4965621B47598500D487F1 /* Assets.xcassets */; };
		FA4965661B47598500D487F1 /* LaunchScreen.storyboard in Resources */ = {isa = PBXBuildFile; fileRef = FA4965641B47598500D487F1 /* LaunchScreen.storyboard */; };
		FA49657C1B47598500D487F1 /* SwiftExperimentUITests.swift in Sources */ = {isa = PBXBuildFile; fileRef = FA49657B1B47598500D487F1 /* SwiftExperimentUITests.swift */; };
		FA71712A1B64275400498180 /* HTTPClientInterface.swift in Sources */ = {isa = PBXBuildFile; fileRef = FA7171291B64275400498180 /* HTTPClientInterface.swift */; };
		FA71712C1B642ACC00498180 /* JSONClientInterface.swift in Sources */ = {isa = PBXBuildFile; fileRef = FA71712B1B642ACC00498180 /* JSONClientInterface.swift */; };
		FA71712E1B65612700498180 /* MovieServiceInterface.swift in Sources */ = {isa = PBXBuildFile; fileRef = FA71712D1B65612700498180 /* MovieServiceInterface.swift */; };
		FA7260791B476C9F00422466 /* MoviesViewControllerSpec.swift in Sources */ = {isa = PBXBuildFile; fileRef = FA7260781B476C9F00422466 /* MoviesViewControllerSpec.swift */; };
		FA72607E1B476DBA00422466 /* MoviesViewController.swift in Sources */ = {isa = PBXBuildFile; fileRef = FA72607D1B476DBA00422466 /* MoviesViewController.swift */; };
		FA7260811B47736B00422466 /* MoviesView.swift in Sources */ = {isa = PBXBuildFile; fileRef = FA7260801B47736B00422466 /* MoviesView.swift */; };
		FA7260831B477E8400422466 /* MovieTableViewCell.swift in Sources */ = {isa = PBXBuildFile; fileRef = FA7260821B477E8400422466 /* MovieTableViewCell.swift */; };
		FA7260861B47833E00422466 /* Movie.swift in Sources */ = {isa = PBXBuildFile; fileRef = FA7260851B47833E00422466 /* Movie.swift */; };
		FA7260A31B48D1D100422466 /* Production.plist in Resources */ = {isa = PBXBuildFile; fileRef = FA7260A21B48D1D100422466 /* Production.plist */; };
		FA7260A51B48DF6600422466 /* Test.plist in Resources */ = {isa = PBXBuildFile; fileRef = FA7260A41B48DF6600422466 /* Test.plist */; };
		FA7260A81B4B646600422466 /* MovieService.swift in Sources */ = {isa = PBXBuildFile; fileRef = FA7260A71B4B646600422466 /* MovieService.swift */; };
		FA7260AB1B4B68A600422466 /* RequestProvider.swift in Sources */ = {isa = PBXBuildFile; fileRef = FA7260AA1B4B68A600422466 /* RequestProvider.swift */; };
		FA7260AF1B4B6FDE00422466 /* MovieServiceSpec.swift in Sources */ = {isa = PBXBuildFile; fileRef = FA7260AE1B4B6FDE00422466 /* MovieServiceSpec.swift */; };
		FA7260B91B4CBA7600422466 /* JSONClient.swift in Sources */ = {isa = PBXBuildFile; fileRef = FA7260B81B4CBA7600422466 /* JSONClient.swift */; };
		FA96DC6D1B625DE200776B03 /* MovieDetailViewControllerSpec.swift in Sources */ = {isa = PBXBuildFile; fileRef = FA96DC6C1B625DE200776B03 /* MovieDetailViewControllerSpec.swift */; };
		FA99F2B21B65773D00D58590 /* Serializable.swift in Sources */ = {isa = PBXBuildFile; fileRef = FA99F2B11B65773D00D58590 /* Serializable.swift */; };
		FAA426FC1B59DEFC00D0AA32 /* Pods_SwiftExperimentTests.framework in Frameworks */ = {isa = PBXBuildFile; fileRef = FAA426FB1B59DEFC00D0AA32 /* Pods_SwiftExperimentTests.framework */; };
		FAA427051B59EC8B00D0AA32 /* HTTPClientSpec.swift in Sources */ = {isa = PBXBuildFile; fileRef = FAA427041B59EC8B00D0AA32 /* HTTPClientSpec.swift */; };
		FAA427081B59F78B00D0AA32 /* MovieSpec.swift in Sources */ = {isa = PBXBuildFile; fileRef = FAA427071B59F78B00D0AA32 /* MovieSpec.swift */; };
		FADD042E1B55EEEE00B4DA2B /* HTTPClient.swift in Sources */ = {isa = PBXBuildFile; fileRef = FADD042D1B55EEEE00B4DA2B /* HTTPClient.swift */; };
		FADD04381B55F25C00B4DA2B /* JSONClientSpec.swift in Sources */ = {isa = PBXBuildFile; fileRef = FADD04371B55F25C00B4DA2B /* JSONClientSpec.swift */; };
/* End PBXBuildFile section */

/* Begin PBXContainerItemProxy section */
		FA49656D1B47598500D487F1 /* PBXContainerItemProxy */ = {
			isa = PBXContainerItemProxy;
			containerPortal = FA4965501B47598500D487F1 /* Project object */;
			proxyType = 1;
			remoteGlobalIDString = FA4965571B47598500D487F1;
			remoteInfo = SwiftExperiment;
		};
		FA4965781B47598500D487F1 /* PBXContainerItemProxy */ = {
			isa = PBXContainerItemProxy;
			containerPortal = FA4965501B47598500D487F1 /* Project object */;
			proxyType = 1;
			remoteGlobalIDString = FA4965571B47598500D487F1;
			remoteInfo = SwiftExperiment;
		};
/* End PBXContainerItemProxy section */

/* Begin PBXFileReference section */
		0F9962A49124172DACE62608 /* Pods-SwiftExperimentTests.test.xcconfig */ = {isa = PBXFileReference; includeInIndex = 1; lastKnownFileType = text.xcconfig; name = "Pods-SwiftExperimentTests.test.xcconfig"; path = "Pods/Target Support Files/Pods-SwiftExperimentTests/Pods-SwiftExperimentTests.test.xcconfig"; sourceTree = "<group>"; };
		1852C6DE283045431C576B81 /* Pods-SwiftExperimentTests.release.xcconfig */ = {isa = PBXFileReference; includeInIndex = 1; lastKnownFileType = text.xcconfig; name = "Pods-SwiftExperimentTests.release.xcconfig"; path = "Pods/Target Support Files/Pods-SwiftExperimentTests/Pods-SwiftExperimentTests.release.xcconfig"; sourceTree = "<group>"; };
		30F88B2E69623D8105C38C30 /* Pods-SwiftExperimentUITests.test.xcconfig */ = {isa = PBXFileReference; includeInIndex = 1; lastKnownFileType = text.xcconfig; name = "Pods-SwiftExperimentUITests.test.xcconfig"; path = "Pods/Target Support Files/Pods-SwiftExperimentUITests/Pods-SwiftExperimentUITests.test.xcconfig"; sourceTree = "<group>"; };
		45B872AE1B9176EF4CDEEBC5 /* Pods-SwiftExperimentTests.debug.xcconfig */ = {isa = PBXFileReference; includeInIndex = 1; lastKnownFileType = text.xcconfig; name = "Pods-SwiftExperimentTests.debug.xcconfig"; path = "Pods/Target Support Files/Pods-SwiftExperimentTests/Pods-SwiftExperimentTests.debug.xcconfig"; sourceTree = "<group>"; };
		8993E2EE26DF516905C94059 /* Pods_SwiftExperimentUITests.framework */ = {isa = PBXFileReference; explicitFileType = wrapper.framework; includeInIndex = 0; path = Pods_SwiftExperimentUITests.framework; sourceTree = BUILT_PRODUCTS_DIR; };
		92291097CA6FF77A4C25F485 /* Pods-SwiftExperimentTests.staging.xcconfig */ = {isa = PBXFileReference; includeInIndex = 1; lastKnownFileType = text.xcconfig; name = "Pods-SwiftExperimentTests.staging.xcconfig"; path = "Pods/Target Support Files/Pods-SwiftExperimentTests/Pods-SwiftExperimentTests.staging.xcconfig"; sourceTree = "<group>"; };
		DAA71174ABDA2E35115D6525 /* Pods-SwiftExperimentUITests.release.xcconfig */ = {isa = PBXFileReference; includeInIndex = 1; lastKnownFileType = text.xcconfig; name = "Pods-SwiftExperimentUITests.release.xcconfig"; path = "Pods/Target Support Files/Pods-SwiftExperimentUITests/Pods-SwiftExperimentUITests.release.xcconfig"; sourceTree = "<group>"; };
		E2AA8656D9F886B7449E3F55 /* Pods-SwiftExperimentUITests.staging.xcconfig */ = {isa = PBXFileReference; includeInIndex = 1; lastKnownFileType = text.xcconfig; name = "Pods-SwiftExperimentUITests.staging.xcconfig"; path = "Pods/Target Support Files/Pods-SwiftExperimentUITests/Pods-SwiftExperimentUITests.staging.xcconfig"; sourceTree = "<group>"; };
		F61DB120E5B5A75F1ABA1C3A /* Pods_SwiftExperimentTests.framework */ = {isa = PBXFileReference; explicitFileType = wrapper.framework; includeInIndex = 0; path = Pods_SwiftExperimentTests.framework; sourceTree = BUILT_PRODUCTS_DIR; };
		FA17C4FC1B610B21004C3F56 /* UIViewController+StoryboardIdentifier.swift */ = {isa = PBXFileReference; fileEncoding = 4; lastKnownFileType = sourcecode.swift; path = "UIViewController+StoryboardIdentifier.swift"; sourceTree = "<group>"; };
		FA45475D1B5F242B0034D6D2 /* MovieDetailViewController.swift */ = {isa = PBXFileReference; fileEncoding = 4; lastKnownFileType = sourcecode.swift; path = MovieDetailViewController.swift; sourceTree = "<group>"; };
		FA45475F1B5F26C80034D6D2 /* MovieDetailView.swift */ = {isa = PBXFileReference; fileEncoding = 4; lastKnownFileType = sourcecode.swift; path = MovieDetailView.swift; sourceTree = "<group>"; };
		FA4547621B5F2AAE0034D6D2 /* UITableViewCell+ReuseIdentifier.swift */ = {isa = PBXFileReference; fileEncoding = 4; lastKnownFileType = sourcecode.swift; path = "UITableViewCell+ReuseIdentifier.swift"; sourceTree = "<group>"; };
		FA4965581B47598500D487F1 /* SwiftExperiment.app */ = {isa = PBXFileReference; explicitFileType = wrapper.application; includeInIndex = 0; path = SwiftExperiment.app; sourceTree = BUILT_PRODUCTS_DIR; };
		FA49655B1B47598500D487F1 /* AppDelegate.swift */ = {isa = PBXFileReference; lastKnownFileType = sourcecode.swift; path = AppDelegate.swift; sourceTree = "<group>"; };
		FA4965601B47598500D487F1 /* Base */ = {isa = PBXFileReference; lastKnownFileType = file.storyboard; name = Base; path = Base.lproj/Main.storyboard; sourceTree = "<group>"; };
		FA4965621B47598500D487F1 /* Assets.xcassets */ = {isa = PBXFileReference; lastKnownFileType = folder.assetcatalog; path = Assets.xcassets; sourceTree = "<group>"; };
		FA4965651B47598500D487F1 /* Base */ = {isa = PBXFileReference; lastKnownFileType = file.storyboard; name = Base; path = Base.lproj/LaunchScreen.storyboard; sourceTree = "<group>"; };
		FA4965671B47598500D487F1 /* Info.plist */ = {isa = PBXFileReference; lastKnownFileType = text.plist.xml; path = Info.plist; sourceTree = "<group>"; };
		FA49656C1B47598500D487F1 /* SwiftExperimentTests.xctest */ = {isa = PBXFileReference; explicitFileType = wrapper.cfbundle; includeInIndex = 0; path = SwiftExperimentTests.xctest; sourceTree = BUILT_PRODUCTS_DIR; };
		FA4965721B47598500D487F1 /* Info.plist */ = {isa = PBXFileReference; lastKnownFileType = text.plist.xml; path = Info.plist; sourceTree = "<group>"; };
		FA4965771B47598500D487F1 /* SwiftExperimentUITests.xctest */ = {isa = PBXFileReference; explicitFileType = wrapper.cfbundle; includeInIndex = 0; path = SwiftExperimentUITests.xctest; sourceTree = BUILT_PRODUCTS_DIR; };
		FA49657B1B47598500D487F1 /* SwiftExperimentUITests.swift */ = {isa = PBXFileReference; lastKnownFileType = sourcecode.swift; path = SwiftExperimentUITests.swift; sourceTree = "<group>"; };
		FA49657D1B47598500D487F1 /* Info.plist */ = {isa = PBXFileReference; lastKnownFileType = text.plist.xml; path = Info.plist; sourceTree = "<group>"; };
		FA7171291B64275400498180 /* HTTPClientInterface.swift */ = {isa = PBXFileReference; fileEncoding = 4; lastKnownFileType = sourcecode.swift; path = HTTPClientInterface.swift; sourceTree = "<group>"; };
		FA71712B1B642ACC00498180 /* JSONClientInterface.swift */ = {isa = PBXFileReference; fileEncoding = 4; lastKnownFileType = sourcecode.swift; path = JSONClientInterface.swift; sourceTree = "<group>"; };
		FA71712D1B65612700498180 /* MovieServiceInterface.swift */ = {isa = PBXFileReference; fileEncoding = 4; lastKnownFileType = sourcecode.swift; path = MovieServiceInterface.swift; sourceTree = "<group>"; };
		FA7260781B476C9F00422466 /* MoviesViewControllerSpec.swift */ = {isa = PBXFileReference; fileEncoding = 4; lastKnownFileType = sourcecode.swift; path = MoviesViewControllerSpec.swift; sourceTree = "<group>"; };
		FA72607D1B476DBA00422466 /* MoviesViewController.swift */ = {isa = PBXFileReference; fileEncoding = 4; lastKnownFileType = sourcecode.swift; path = MoviesViewController.swift; sourceTree = "<group>"; };
		FA7260801B47736B00422466 /* MoviesView.swift */ = {isa = PBXFileReference; fileEncoding = 4; lastKnownFileType = sourcecode.swift; path = MoviesView.swift; sourceTree = "<group>"; };
		FA7260821B477E8400422466 /* MovieTableViewCell.swift */ = {isa = PBXFileReference; fileEncoding = 4; lastKnownFileType = sourcecode.swift; path = MovieTableViewCell.swift; sourceTree = "<group>"; };
		FA7260851B47833E00422466 /* Movie.swift */ = {isa = PBXFileReference; fileEncoding = 4; lastKnownFileType = sourcecode.swift; path = Movie.swift; sourceTree = "<group>"; };
		FA7260A21B48D1D100422466 /* Production.plist */ = {isa = PBXFileReference; fileEncoding = 4; lastKnownFileType = text.plist.xml; path = Production.plist; sourceTree = "<group>"; };
		FA7260A41B48DF6600422466 /* Test.plist */ = {isa = PBXFileReference; fileEncoding = 4; lastKnownFileType = text.plist.xml; path = Test.plist; sourceTree = "<group>"; };
		FA7260A71B4B646600422466 /* MovieService.swift */ = {isa = PBXFileReference; fileEncoding = 4; lastKnownFileType = sourcecode.swift; path = MovieService.swift; sourceTree = "<group>"; };
		FA7260AA1B4B68A600422466 /* RequestProvider.swift */ = {isa = PBXFileReference; fileEncoding = 4; lastKnownFileType = sourcecode.swift; path = RequestProvider.swift; sourceTree = "<group>"; };
		FA7260AE1B4B6FDE00422466 /* MovieServiceSpec.swift */ = {isa = PBXFileReference; fileEncoding = 4; lastKnownFileType = sourcecode.swift; path = MovieServiceSpec.swift; sourceTree = "<group>"; };
		FA7260B81B4CBA7600422466 /* JSONClient.swift */ = {isa = PBXFileReference; fileEncoding = 4; lastKnownFileType = sourcecode.swift; path = JSONClient.swift; sourceTree = "<group>"; };
		FA96DC6C1B625DE200776B03 /* MovieDetailViewControllerSpec.swift */ = {isa = PBXFileReference; fileEncoding = 4; lastKnownFileType = sourcecode.swift; path = MovieDetailViewControllerSpec.swift; sourceTree = "<group>"; };
		FA99F2B11B65773D00D58590 /* Serializable.swift */ = {isa = PBXFileReference; fileEncoding = 4; lastKnownFileType = sourcecode.swift; path = Serializable.swift; sourceTree = "<group>"; };
		FAA426FB1B59DEFC00D0AA32 /* Pods_SwiftExperimentTests.framework */ = {isa = PBXFileReference; lastKnownFileType = wrapper.framework; name = Pods_SwiftExperimentTests.framework; path = "Pods/../build/Debug-iphoneos/Pods_SwiftExperimentTests.framework"; sourceTree = "<group>"; };
		FAA427041B59EC8B00D0AA32 /* HTTPClientSpec.swift */ = {isa = PBXFileReference; fileEncoding = 4; lastKnownFileType = sourcecode.swift; path = HTTPClientSpec.swift; sourceTree = "<group>"; };
		FAA427071B59F78B00D0AA32 /* MovieSpec.swift */ = {isa = PBXFileReference; fileEncoding = 4; lastKnownFileType = sourcecode.swift; path = MovieSpec.swift; sourceTree = "<group>"; };
		FADD042D1B55EEEE00B4DA2B /* HTTPClient.swift */ = {isa = PBXFileReference; fileEncoding = 4; lastKnownFileType = sourcecode.swift; path = HTTPClient.swift; sourceTree = "<group>"; };
		FADD04371B55F25C00B4DA2B /* JSONClientSpec.swift */ = {isa = PBXFileReference; fileEncoding = 4; lastKnownFileType = sourcecode.swift; path = JSONClientSpec.swift; sourceTree = "<group>"; };
		FB907FB1FFF4ED74A5D1C4C7 /* Pods-SwiftExperimentUITests.debug.xcconfig */ = {isa = PBXFileReference; includeInIndex = 1; lastKnownFileType = text.xcconfig; name = "Pods-SwiftExperimentUITests.debug.xcconfig"; path = "Pods/Target Support Files/Pods-SwiftExperimentUITests/Pods-SwiftExperimentUITests.debug.xcconfig"; sourceTree = "<group>"; };
/* End PBXFileReference section */

/* Begin PBXFrameworksBuildPhase section */
		FA4965551B47598500D487F1 /* Frameworks */ = {
			isa = PBXFrameworksBuildPhase;
			buildActionMask = 2147483647;
			files = (
			);
			runOnlyForDeploymentPostprocessing = 0;
		};
		FA4965691B47598500D487F1 /* Frameworks */ = {
			isa = PBXFrameworksBuildPhase;
			buildActionMask = 2147483647;
			files = (
				FAA426FC1B59DEFC00D0AA32 /* Pods_SwiftExperimentTests.framework in Frameworks */,
			);
			runOnlyForDeploymentPostprocessing = 0;
		};
		FA4965741B47598500D487F1 /* Frameworks */ = {
			isa = PBXFrameworksBuildPhase;
			buildActionMask = 2147483647;
			files = (
				DC90F1B7ED7E6218D24F3EB8 /* Pods_SwiftExperimentUITests.framework in Frameworks */,
			);
			runOnlyForDeploymentPostprocessing = 0;
		};
/* End PBXFrameworksBuildPhase section */

/* Begin PBXGroup section */
		2F94E23DCF0922DA17255F3F /* Frameworks */ = {
			isa = PBXGroup;
			children = (
				FAA426FB1B59DEFC00D0AA32 /* Pods_SwiftExperimentTests.framework */,
				F61DB120E5B5A75F1ABA1C3A /* Pods_SwiftExperimentTests.framework */,
				8993E2EE26DF516905C94059 /* Pods_SwiftExperimentUITests.framework */,
			);
			name = Frameworks;
			sourceTree = "<group>";
		};
		473BF68B7C364B5F9B815806 /* Pods */ = {
			isa = PBXGroup;
			children = (
				45B872AE1B9176EF4CDEEBC5 /* Pods-SwiftExperimentTests.debug.xcconfig */,
				1852C6DE283045431C576B81 /* Pods-SwiftExperimentTests.release.xcconfig */,
				FB907FB1FFF4ED74A5D1C4C7 /* Pods-SwiftExperimentUITests.debug.xcconfig */,
				DAA71174ABDA2E35115D6525 /* Pods-SwiftExperimentUITests.release.xcconfig */,
				0F9962A49124172DACE62608 /* Pods-SwiftExperimentTests.test.xcconfig */,
				92291097CA6FF77A4C25F485 /* Pods-SwiftExperimentTests.staging.xcconfig */,
				30F88B2E69623D8105C38C30 /* Pods-SwiftExperimentUITests.test.xcconfig */,
				E2AA8656D9F886B7449E3F55 /* Pods-SwiftExperimentUITests.staging.xcconfig */,
			);
			name = Pods;
			sourceTree = "<group>";
		};
		FA4547611B5F2A500034D6D2 /* Extensions */ = {
			isa = PBXGroup;
			children = (
				FA4547621B5F2AAE0034D6D2 /* UITableViewCell+ReuseIdentifier.swift */,
				FA17C4FC1B610B21004C3F56 /* UIViewController+StoryboardIdentifier.swift */,
			);
			path = Extensions;
			sourceTree = "<group>";
		};
		FA49654F1B47598500D487F1 = {
			isa = PBXGroup;
			children = (
				FA49655A1B47598500D487F1 /* SwiftExperiment */,
				FA49656F1B47598500D487F1 /* SwiftExperimentTests */,
				FA49657A1B47598500D487F1 /* SwiftExperimentUITests */,
				FA4965591B47598500D487F1 /* Products */,
				473BF68B7C364B5F9B815806 /* Pods */,
				2F94E23DCF0922DA17255F3F /* Frameworks */,
			);
			sourceTree = "<group>";
		};
		FA4965591B47598500D487F1 /* Products */ = {
			isa = PBXGroup;
			children = (
				FA4965581B47598500D487F1 /* SwiftExperiment.app */,
				FA49656C1B47598500D487F1 /* SwiftExperimentTests.xctest */,
				FA4965771B47598500D487F1 /* SwiftExperimentUITests.xctest */,
			);
			name = Products;
			sourceTree = "<group>";
		};
		FA49655A1B47598500D487F1 /* SwiftExperiment */ = {
			isa = PBXGroup;
			children = (
				FA49655B1B47598500D487F1 /* AppDelegate.swift */,
				FA72607C1B476D9B00422466 /* Controllers */,
				FA4547611B5F2A500034D6D2 /* Extensions */,
				FA7260841B47831E00422466 /* Models */,
				FA7260B71B4CBA5000422466 /* Network */,
				FA9801AC1B57404E00B29F35 /* Protocols */,
				FA7260A91B4B688300422466 /* Providers */,
				FA7260A61B4B643700422466 /* Services */,
				FA72607F1B47733F00422466 /* Views */,
				FA49655F1B47598500D487F1 /* Main.storyboard */,
				FA4965621B47598500D487F1 /* Assets.xcassets */,
				FA4965641B47598500D487F1 /* LaunchScreen.storyboard */,
				FA4965671B47598500D487F1 /* Info.plist */,
				FA7260A21B48D1D100422466 /* Production.plist */,
				FA7260A41B48DF6600422466 /* Test.plist */,
			);
			path = SwiftExperiment;
			sourceTree = "<group>";
		};
		FA49656F1B47598500D487F1 /* SwiftExperimentTests */ = {
			isa = PBXGroup;
			children = (
				FA7260AC1B4B6B6800422466 /* Controllers */,
				FAA427061B59F77700D0AA32 /* Models */,
				FADD04361B55F23100B4DA2B /* Network */,
				FA7260AD1B4B6FBB00422466 /* Services */,
				FA4965721B47598500D487F1 /* Info.plist */,
			);
			path = SwiftExperimentTests;
			sourceTree = "<group>";
		};
		FA49657A1B47598500D487F1 /* SwiftExperimentUITests */ = {
			isa = PBXGroup;
			children = (
				FA49657B1B47598500D487F1 /* SwiftExperimentUITests.swift */,
				FA49657D1B47598500D487F1 /* Info.plist */,
			);
			path = SwiftExperimentUITests;
			sourceTree = "<group>";
		};
		FA72607C1B476D9B00422466 /* Controllers */ = {
			isa = PBXGroup;
			children = (
				FA45475D1B5F242B0034D6D2 /* MovieDetailViewController.swift */,
				FA72607D1B476DBA00422466 /* MoviesViewController.swift */,
			);
			path = Controllers;
			sourceTree = "<group>";
		};
		FA72607F1B47733F00422466 /* Views */ = {
			isa = PBXGroup;
			children = (
				FA45475F1B5F26C80034D6D2 /* MovieDetailView.swift */,
				FA7260801B47736B00422466 /* MoviesView.swift */,
				FA7260821B477E8400422466 /* MovieTableViewCell.swift */,
			);
			path = Views;
			sourceTree = "<group>";
		};
		FA7260841B47831E00422466 /* Models */ = {
			isa = PBXGroup;
			children = (
				FA7260851B47833E00422466 /* Movie.swift */,
			);
			path = Models;
			sourceTree = "<group>";
		};
		FA7260A61B4B643700422466 /* Services */ = {
			isa = PBXGroup;
			children = (
				FA7260A71B4B646600422466 /* MovieService.swift */,
				FA71712D1B65612700498180 /* MovieServiceInterface.swift */,
			);
			path = Services;
			sourceTree = "<group>";
		};
		FA7260A91B4B688300422466 /* Providers */ = {
			isa = PBXGroup;
			children = (
				FA7260AA1B4B68A600422466 /* RequestProvider.swift */,
			);
			path = Providers;
			sourceTree = "<group>";
		};
		FA7260AC1B4B6B6800422466 /* Controllers */ = {
			isa = PBXGroup;
			children = (
				FA7260781B476C9F00422466 /* MoviesViewControllerSpec.swift */,
				FA96DC6C1B625DE200776B03 /* MovieDetailViewControllerSpec.swift */,
			);
			path = Controllers;
			sourceTree = "<group>";
		};
		FA7260AD1B4B6FBB00422466 /* Services */ = {
			isa = PBXGroup;
			children = (
				FA7260AE1B4B6FDE00422466 /* MovieServiceSpec.swift */,
			);
			path = Services;
			sourceTree = "<group>";
		};
		FA7260B71B4CBA5000422466 /* Network */ = {
			isa = PBXGroup;
			children = (
				FA7171291B64275400498180 /* HTTPClientInterface.swift */,
				FA71712B1B642ACC00498180 /* JSONClientInterface.swift */,
				FADD042D1B55EEEE00B4DA2B /* HTTPClient.swift */,
				FA7260B81B4CBA7600422466 /* JSONClient.swift */,
			);
			path = Network;
			sourceTree = "<group>";
		};
		FA9801AC1B57404E00B29F35 /* Protocols */ = {
			isa = PBXGroup;
			children = (
				FA99F2B11B65773D00D58590 /* Serializable.swift */,
			);
			path = Protocols;
			sourceTree = "<group>";
		};
		FAA427061B59F77700D0AA32 /* Models */ = {
			isa = PBXGroup;
			children = (
				FAA427071B59F78B00D0AA32 /* MovieSpec.swift */,
			);
			path = Models;
			sourceTree = "<group>";
		};
		FADD04361B55F23100B4DA2B /* Network */ = {
			isa = PBXGroup;
			children = (
				FADD04371B55F25C00B4DA2B /* JSONClientSpec.swift */,
				FAA427041B59EC8B00D0AA32 /* HTTPClientSpec.swift */,
			);
			path = Network;
			sourceTree = "<group>";
		};
/* End PBXGroup section */

/* Begin PBXNativeTarget section */
		FA4965571B47598500D487F1 /* SwiftExperiment */ = {
			isa = PBXNativeTarget;
			buildConfigurationList = FA4965801B47598500D487F1 /* Build configuration list for PBXNativeTarget "SwiftExperiment" */;
			buildPhases = (
				FA4965541B47598500D487F1 /* Sources */,
				FA4965551B47598500D487F1 /* Frameworks */,
				FA4965561B47598500D487F1 /* Resources */,
			);
			buildRules = (
			);
			dependencies = (
			);
			name = SwiftExperiment;
			productName = SwiftExperiment;
			productReference = FA4965581B47598500D487F1 /* SwiftExperiment.app */;
			productType = "com.apple.product-type.application";
		};
		FA49656B1B47598500D487F1 /* SwiftExperimentTests */ = {
			isa = PBXNativeTarget;
			buildConfigurationList = FA4965831B47598500D487F1 /* Build configuration list for PBXNativeTarget "SwiftExperimentTests" */;
			buildPhases = (
				C8374C0D5B74C41D5CE01717 /* Check Pods Manifest.lock */,
				FA4965681B47598500D487F1 /* Sources */,
				FA4965691B47598500D487F1 /* Frameworks */,
				FA49656A1B47598500D487F1 /* Resources */,
				88ED7C0329A011D73B4D0CED /* Embed Pods Frameworks */,
				6413B0102CA98EA3AB3DC2C4 /* Copy Pods Resources */,
			);
			buildRules = (
			);
			dependencies = (
				FA49656E1B47598500D487F1 /* PBXTargetDependency */,
			);
			name = SwiftExperimentTests;
			productName = SwiftExperimentTests;
			productReference = FA49656C1B47598500D487F1 /* SwiftExperimentTests.xctest */;
			productType = "com.apple.product-type.bundle.unit-test";
		};
		FA4965761B47598500D487F1 /* SwiftExperimentUITests */ = {
			isa = PBXNativeTarget;
			buildConfigurationList = FA4965861B47598500D487F1 /* Build configuration list for PBXNativeTarget "SwiftExperimentUITests" */;
			buildPhases = (
				3A714E3C0B18688C517BA30A /* Check Pods Manifest.lock */,
				FA4965731B47598500D487F1 /* Sources */,
				FA4965741B47598500D487F1 /* Frameworks */,
				FA4965751B47598500D487F1 /* Resources */,
				722864C4DCD1B756DA2EE346 /* Copy Pods Resources */,
			);
			buildRules = (
			);
			dependencies = (
				FA4965791B47598500D487F1 /* PBXTargetDependency */,
			);
			name = SwiftExperimentUITests;
			productName = SwiftExperimentUITests;
			productReference = FA4965771B47598500D487F1 /* SwiftExperimentUITests.xctest */;
			productType = "com.apple.product-type.bundle.ui-testing";
		};
/* End PBXNativeTarget section */

/* Begin PBXProject section */
		FA4965501B47598500D487F1 /* Project object */ = {
			isa = PBXProject;
			attributes = {
				LastSwiftUpdateCheck = 0700;
				LastUpgradeCheck = 0700;
				ORGANIZATIONNAME = ConditionallyConvergent;
				TargetAttributes = {
					FA4965571B47598500D487F1 = {
						CreatedOnToolsVersion = 7.0;
					};
					FA49656B1B47598500D487F1 = {
						CreatedOnToolsVersion = 7.0;
						TestTargetID = FA4965571B47598500D487F1;
					};
					FA4965761B47598500D487F1 = {
						CreatedOnToolsVersion = 7.0;
						TestTargetID = FA4965571B47598500D487F1;
					};
				};
			};
			buildConfigurationList = FA4965531B47598500D487F1 /* Build configuration list for PBXProject "SwiftExperiment" */;
			compatibilityVersion = "Xcode 3.2";
			developmentRegion = English;
			hasScannedForEncodings = 0;
			knownRegions = (
				en,
				Base,
			);
			mainGroup = FA49654F1B47598500D487F1;
			productRefGroup = FA4965591B47598500D487F1 /* Products */;
			projectDirPath = "";
			projectRoot = "";
			targets = (
				FA4965571B47598500D487F1 /* SwiftExperiment */,
				FA49656B1B47598500D487F1 /* SwiftExperimentTests */,
				FA4965761B47598500D487F1 /* SwiftExperimentUITests */,
			);
		};
/* End PBXProject section */

/* Begin PBXResourcesBuildPhase section */
		FA4965561B47598500D487F1 /* Resources */ = {
			isa = PBXResourcesBuildPhase;
			buildActionMask = 2147483647;
			files = (
				FA4965661B47598500D487F1 /* LaunchScreen.storyboard in Resources */,
				FA4965631B47598500D487F1 /* Assets.xcassets in Resources */,
				FA7260A51B48DF6600422466 /* Test.plist in Resources */,
				FA7260A31B48D1D100422466 /* Production.plist in Resources */,
				FA4965611B47598500D487F1 /* Main.storyboard in Resources */,
			);
			runOnlyForDeploymentPostprocessing = 0;
		};
		FA49656A1B47598500D487F1 /* Resources */ = {
			isa = PBXResourcesBuildPhase;
			buildActionMask = 2147483647;
			files = (
			);
			runOnlyForDeploymentPostprocessing = 0;
		};
		FA4965751B47598500D487F1 /* Resources */ = {
			isa = PBXResourcesBuildPhase;
			buildActionMask = 2147483647;
			files = (
			);
			runOnlyForDeploymentPostprocessing = 0;
		};
/* End PBXResourcesBuildPhase section */

/* Begin PBXShellScriptBuildPhase section */
		3A714E3C0B18688C517BA30A /* Check Pods Manifest.lock */ = {
			isa = PBXShellScriptBuildPhase;
			buildActionMask = 2147483647;
			files = (
			);
			inputPaths = (
			);
			name = "Check Pods Manifest.lock";
			outputPaths = (
			);
			runOnlyForDeploymentPostprocessing = 0;
			shellPath = /bin/sh;
			shellScript = "diff \"${PODS_ROOT}/../Podfile.lock\" \"${PODS_ROOT}/Manifest.lock\" > /dev/null\nif [[ $? != 0 ]] ; then\n    cat << EOM\nerror: The sandbox is not in sync with the Podfile.lock. Run 'pod install' or update your CocoaPods installation.\nEOM\n    exit 1\nfi\n";
			showEnvVarsInLog = 0;
		};
		6413B0102CA98EA3AB3DC2C4 /* Copy Pods Resources */ = {
			isa = PBXShellScriptBuildPhase;
			buildActionMask = 2147483647;
			files = (
			);
			inputPaths = (
			);
			name = "Copy Pods Resources";
			outputPaths = (
			);
			runOnlyForDeploymentPostprocessing = 0;
			shellPath = /bin/sh;
			shellScript = "\"${SRCROOT}/Pods/Target Support Files/Pods-SwiftExperimentTests/Pods-SwiftExperimentTests-resources.sh\"\n";
			showEnvVarsInLog = 0;
		};
		722864C4DCD1B756DA2EE346 /* Copy Pods Resources */ = {
			isa = PBXShellScriptBuildPhase;
			buildActionMask = 2147483647;
			files = (
			);
			inputPaths = (
			);
			name = "Copy Pods Resources";
			outputPaths = (
			);
			runOnlyForDeploymentPostprocessing = 0;
			shellPath = /bin/sh;
			shellScript = "\"${SRCROOT}/Pods/Target Support Files/Pods-SwiftExperimentUITests/Pods-SwiftExperimentUITests-resources.sh\"\n";
			showEnvVarsInLog = 0;
		};
		88ED7C0329A011D73B4D0CED /* Embed Pods Frameworks */ = {
			isa = PBXShellScriptBuildPhase;
			buildActionMask = 2147483647;
			files = (
			);
			inputPaths = (
			);
			name = "Embed Pods Frameworks";
			outputPaths = (
			);
			runOnlyForDeploymentPostprocessing = 0;
			shellPath = /bin/sh;
			shellScript = "\"${SRCROOT}/Pods/Target Support Files/Pods-SwiftExperimentTests/Pods-SwiftExperimentTests-frameworks.sh\"\n";
			showEnvVarsInLog = 0;
		};
		C8374C0D5B74C41D5CE01717 /* Check Pods Manifest.lock */ = {
			isa = PBXShellScriptBuildPhase;
			buildActionMask = 2147483647;
			files = (
			);
			inputPaths = (
			);
			name = "Check Pods Manifest.lock";
			outputPaths = (
			);
			runOnlyForDeploymentPostprocessing = 0;
			shellPath = /bin/sh;
			shellScript = "diff \"${PODS_ROOT}/../Podfile.lock\" \"${PODS_ROOT}/Manifest.lock\" > /dev/null\nif [[ $? != 0 ]] ; then\n    cat << EOM\nerror: The sandbox is not in sync with the Podfile.lock. Run 'pod install' or update your CocoaPods installation.\nEOM\n    exit 1\nfi\n";
			showEnvVarsInLog = 0;
		};
/* End PBXShellScriptBuildPhase section */

/* Begin PBXSourcesBuildPhase section */
		FA4965541B47598500D487F1 /* Sources */ = {
			isa = PBXSourcesBuildPhase;
			buildActionMask = 2147483647;
			files = (
				FA7260A81B4B646600422466 /* MovieService.swift in Sources */,
				FA49655C1B47598500D487F1 /* AppDelegate.swift in Sources */,
				FA7260811B47736B00422466 /* MoviesView.swift in Sources */,
				FA7260AB1B4B68A600422466 /* RequestProvider.swift in Sources */,
				FA71712E1B65612700498180 /* MovieServiceInterface.swift in Sources */,
				FA17C4FD1B610B21004C3F56 /* UIViewController+StoryboardIdentifier.swift in Sources */,
				FA7260B91B4CBA7600422466 /* JSONClient.swift in Sources */,
				FA4547631B5F2AAE0034D6D2 /* UITableViewCell+ReuseIdentifier.swift in Sources */,
				FA71712C1B642ACC00498180 /* JSONClientInterface.swift in Sources */,
				FADD042E1B55EEEE00B4DA2B /* HTTPClient.swift in Sources */,
				FA4547601B5F26C80034D6D2 /* MovieDetailView.swift in Sources */,
				FA7260831B477E8400422466 /* MovieTableViewCell.swift in Sources */,
				FA72607E1B476DBA00422466 /* MoviesViewController.swift in Sources */,
				FA7260861B47833E00422466 /* Movie.swift in Sources */,
				FA45475E1B5F242B0034D6D2 /* MovieDetailViewController.swift in Sources */,
				FA99F2B21B65773D00D58590 /* Serializable.swift in Sources */,
				FA71712A1B64275400498180 /* HTTPClientInterface.swift in Sources */,
			);
			runOnlyForDeploymentPostprocessing = 0;
		};
		FA4965681B47598500D487F1 /* Sources */ = {
			isa = PBXSourcesBuildPhase;
			buildActionMask = 2147483647;
			files = (
				FADD04381B55F25C00B4DA2B /* JSONClientSpec.swift in Sources */,
				FAA427051B59EC8B00D0AA32 /* HTTPClientSpec.swift in Sources */,
				FAA427081B59F78B00D0AA32 /* MovieSpec.swift in Sources */,
				FA7260791B476C9F00422466 /* MoviesViewControllerSpec.swift in Sources */,
				FA7260AF1B4B6FDE00422466 /* MovieServiceSpec.swift in Sources */,
				FA96DC6D1B625DE200776B03 /* MovieDetailViewControllerSpec.swift in Sources */,
			);
			runOnlyForDeploymentPostprocessing = 0;
		};
		FA4965731B47598500D487F1 /* Sources */ = {
			isa = PBXSourcesBuildPhase;
			buildActionMask = 2147483647;
			files = (
				FA49657C1B47598500D487F1 /* SwiftExperimentUITests.swift in Sources */,
			);
			runOnlyForDeploymentPostprocessing = 0;
		};
/* End PBXSourcesBuildPhase section */

/* Begin PBXTargetDependency section */
		FA49656E1B47598500D487F1 /* PBXTargetDependency */ = {
			isa = PBXTargetDependency;
			target = FA4965571B47598500D487F1 /* SwiftExperiment */;
			targetProxy = FA49656D1B47598500D487F1 /* PBXContainerItemProxy */;
		};
		FA4965791B47598500D487F1 /* PBXTargetDependency */ = {
			isa = PBXTargetDependency;
			target = FA4965571B47598500D487F1 /* SwiftExperiment */;
			targetProxy = FA4965781B47598500D487F1 /* PBXContainerItemProxy */;
		};
/* End PBXTargetDependency section */

/* Begin PBXVariantGroup section */
		FA49655F1B47598500D487F1 /* Main.storyboard */ = {
			isa = PBXVariantGroup;
			children = (
				FA4965601B47598500D487F1 /* Base */,
			);
			name = Main.storyboard;
			sourceTree = "<group>";
		};
		FA4965641B47598500D487F1 /* LaunchScreen.storyboard */ = {
			isa = PBXVariantGroup;
			children = (
				FA4965651B47598500D487F1 /* Base */,
			);
			name = LaunchScreen.storyboard;
			sourceTree = "<group>";
		};
/* End PBXVariantGroup section */

/* Begin XCBuildConfiguration section */
		FA49657E1B47598500D487F1 /* Debug */ = {
			isa = XCBuildConfiguration;
			buildSettings = {
				ALWAYS_SEARCH_USER_PATHS = NO;
				CLANG_CXX_LANGUAGE_STANDARD = "gnu++0x";
				CLANG_CXX_LIBRARY = "libc++";
				CLANG_ENABLE_MODULES = YES;
				CLANG_ENABLE_OBJC_ARC = YES;
				CLANG_WARN_BOOL_CONVERSION = YES;
				CLANG_WARN_CONSTANT_CONVERSION = YES;
				CLANG_WARN_DIRECT_OBJC_ISA_USAGE = YES_ERROR;
				CLANG_WARN_EMPTY_BODY = YES;
				CLANG_WARN_ENUM_CONVERSION = YES;
				CLANG_WARN_INT_CONVERSION = YES;
				CLANG_WARN_OBJC_ROOT_CLASS = YES_ERROR;
				CLANG_WARN_UNREACHABLE_CODE = YES;
				CLANG_WARN__DUPLICATE_METHOD_MATCH = YES;
				"CODE_SIGN_IDENTITY[sdk=iphoneos*]" = "iPhone Developer";
				COPY_PHASE_STRIP = NO;
				DEBUG_INFORMATION_FORMAT = dwarf;
				DEFINES_MODULE = YES;
				ENABLE_STRICT_OBJC_MSGSEND = YES;
				ENABLE_TESTABILITY = YES;
				GCC_C_LANGUAGE_STANDARD = gnu99;
				GCC_DYNAMIC_NO_PIC = NO;
				GCC_NO_COMMON_BLOCKS = YES;
				GCC_OPTIMIZATION_LEVEL = 0;
				GCC_PREPROCESSOR_DEFINITIONS = (
					"DEBUG=1",
					"$(inherited)",
				);
				GCC_WARN_64_TO_32_BIT_CONVERSION = YES;
				GCC_WARN_ABOUT_RETURN_TYPE = YES_ERROR;
				GCC_WARN_UNDECLARED_SELECTOR = YES;
				GCC_WARN_UNINITIALIZED_AUTOS = YES_AGGRESSIVE;
				GCC_WARN_UNUSED_FUNCTION = YES;
				GCC_WARN_UNUSED_VARIABLE = YES;
				IPHONEOS_DEPLOYMENT_TARGET = 9.0;
				MTL_ENABLE_DEBUG_INFO = YES;
				ONLY_ACTIVE_ARCH = YES;
				OTHER_LDFLAGS = "$(inherited)";
				SDKROOT = iphoneos;
				SWIFT_OPTIMIZATION_LEVEL = "-Onone";
			};
			name = Debug;
		};
		FA49657F1B47598500D487F1 /* Release */ = {
			isa = XCBuildConfiguration;
			buildSettings = {
				ALWAYS_SEARCH_USER_PATHS = NO;
				CLANG_CXX_LANGUAGE_STANDARD = "gnu++0x";
				CLANG_CXX_LIBRARY = "libc++";
				CLANG_ENABLE_MODULES = YES;
				CLANG_ENABLE_OBJC_ARC = YES;
				CLANG_WARN_BOOL_CONVERSION = YES;
				CLANG_WARN_CONSTANT_CONVERSION = YES;
				CLANG_WARN_DIRECT_OBJC_ISA_USAGE = YES_ERROR;
				CLANG_WARN_EMPTY_BODY = YES;
				CLANG_WARN_ENUM_CONVERSION = YES;
				CLANG_WARN_INT_CONVERSION = YES;
				CLANG_WARN_OBJC_ROOT_CLASS = YES_ERROR;
				CLANG_WARN_UNREACHABLE_CODE = YES;
				CLANG_WARN__DUPLICATE_METHOD_MATCH = YES;
				"CODE_SIGN_IDENTITY[sdk=iphoneos*]" = "iPhone Developer";
				COPY_PHASE_STRIP = NO;
				DEBUG_INFORMATION_FORMAT = "dwarf-with-dsym";
				DEFINES_MODULE = YES;
				ENABLE_NS_ASSERTIONS = NO;
				ENABLE_STRICT_OBJC_MSGSEND = YES;
				GCC_C_LANGUAGE_STANDARD = gnu99;
				GCC_NO_COMMON_BLOCKS = YES;
				GCC_WARN_64_TO_32_BIT_CONVERSION = YES;
				GCC_WARN_ABOUT_RETURN_TYPE = YES_ERROR;
				GCC_WARN_UNDECLARED_SELECTOR = YES;
				GCC_WARN_UNINITIALIZED_AUTOS = YES_AGGRESSIVE;
				GCC_WARN_UNUSED_FUNCTION = YES;
				GCC_WARN_UNUSED_VARIABLE = YES;
				IPHONEOS_DEPLOYMENT_TARGET = 9.0;
				MTL_ENABLE_DEBUG_INFO = NO;
				OTHER_LDFLAGS = "$(inherited)";
				SDKROOT = iphoneos;
				VALIDATE_PRODUCT = YES;
			};
			name = Release;
		};
		FA4965811B47598500D487F1 /* Debug */ = {
			isa = XCBuildConfiguration;
			buildSettings = {
				ASSETCATALOG_COMPILER_APPICON_NAME = AppIcon;
				INFOPLIST_FILE = SwiftExperiment/Info.plist;
				LD_RUNPATH_SEARCH_PATHS = "$(inherited) @executable_path/Frameworks";
				PRODUCT_BUNDLE_IDENTIFIER = com.conditionallyconvergent.SwiftExperiment;
				PRODUCT_NAME = "$(TARGET_NAME)";
			};
			name = Debug;
		};
		FA4965821B47598500D487F1 /* Release */ = {
			isa = XCBuildConfiguration;
			buildSettings = {
				ASSETCATALOG_COMPILER_APPICON_NAME = AppIcon;
				INFOPLIST_FILE = SwiftExperiment/Info.plist;
				LD_RUNPATH_SEARCH_PATHS = "$(inherited) @executable_path/Frameworks";
				PRODUCT_BUNDLE_IDENTIFIER = com.conditionallyconvergent.SwiftExperiment;
				PRODUCT_NAME = "$(TARGET_NAME)";
			};
			name = Release;
		};
		FA4965841B47598500D487F1 /* Debug */ = {
			isa = XCBuildConfiguration;
			baseConfigurationReference = 45B872AE1B9176EF4CDEEBC5 /* Pods-SwiftExperimentTests.debug.xcconfig */;
			buildSettings = {
				BUNDLE_LOADER = "$(TEST_HOST)";
				FRAMEWORK_SEARCH_PATHS = "$(inherited)";
				INFOPLIST_FILE = SwiftExperimentTests/Info.plist;
				LD_RUNPATH_SEARCH_PATHS = "$(inherited) @executable_path/Frameworks @loader_path/Frameworks";
				PRODUCT_BUNDLE_IDENTIFIER = com.conditionallyconvergent.SwiftExperimentTests;
				PRODUCT_NAME = "$(TARGET_NAME)";
				TEST_HOST = "$(BUILT_PRODUCTS_DIR)/SwiftExperiment.app/SwiftExperiment";
			};
			name = Debug;
		};
		FA4965851B47598500D487F1 /* Release */ = {
			isa = XCBuildConfiguration;
			baseConfigurationReference = 1852C6DE283045431C576B81 /* Pods-SwiftExperimentTests.release.xcconfig */;
			buildSettings = {
				BUNDLE_LOADER = "$(TEST_HOST)";
				FRAMEWORK_SEARCH_PATHS = "$(inherited)";
				INFOPLIST_FILE = SwiftExperimentTests/Info.plist;
				LD_RUNPATH_SEARCH_PATHS = "$(inherited) @executable_path/Frameworks @loader_path/Frameworks";
				PRODUCT_BUNDLE_IDENTIFIER = com.conditionallyconvergent.SwiftExperimentTests;
				PRODUCT_NAME = "$(TARGET_NAME)";
				TEST_HOST = "$(BUILT_PRODUCTS_DIR)/SwiftExperiment.app/SwiftExperiment";
			};
			name = Release;
		};
		FA4965871B47598500D487F1 /* Debug */ = {
			isa = XCBuildConfiguration;
			baseConfigurationReference = FB907FB1FFF4ED74A5D1C4C7 /* Pods-SwiftExperimentUITests.debug.xcconfig */;
			buildSettings = {
				FRAMEWORK_SEARCH_PATHS = "$(inherited)";
				INFOPLIST_FILE = SwiftExperimentUITests/Info.plist;
				LD_RUNPATH_SEARCH_PATHS = "$(inherited) @executable_path/Frameworks @loader_path/Frameworks";
				PRODUCT_BUNDLE_IDENTIFIER = com.conditionallyconvergent.SwiftExperimentUITests;
				PRODUCT_NAME = "$(TARGET_NAME)";
				TEST_TARGET_NAME = SwiftExperiment;
				USES_XCTRUNNER = YES;
			};
			name = Debug;
		};
		FA4965881B47598500D487F1 /* Release */ = {
			isa = XCBuildConfiguration;
			baseConfigurationReference = DAA71174ABDA2E35115D6525 /* Pods-SwiftExperimentUITests.release.xcconfig */;
			buildSettings = {
				FRAMEWORK_SEARCH_PATHS = "$(inherited)";
				INFOPLIST_FILE = SwiftExperimentUITests/Info.plist;
				LD_RUNPATH_SEARCH_PATHS = "$(inherited) @executable_path/Frameworks @loader_path/Frameworks";
				PRODUCT_BUNDLE_IDENTIFIER = com.conditionallyconvergent.SwiftExperimentUITests;
				PRODUCT_NAME = "$(TARGET_NAME)";
				TEST_TARGET_NAME = SwiftExperiment;
				USES_XCTRUNNER = YES;
			};
			name = Release;
		};
		FA72609A1B48C5BD00422466 /* Test */ = {
			isa = XCBuildConfiguration;
			buildSettings = {
				ALWAYS_SEARCH_USER_PATHS = NO;
				CLANG_CXX_LANGUAGE_STANDARD = "gnu++0x";
				CLANG_CXX_LIBRARY = "libc++";
				CLANG_ENABLE_MODULES = YES;
				CLANG_ENABLE_OBJC_ARC = YES;
				CLANG_WARN_BOOL_CONVERSION = YES;
				CLANG_WARN_CONSTANT_CONVERSION = YES;
				CLANG_WARN_DIRECT_OBJC_ISA_USAGE = YES_ERROR;
				CLANG_WARN_EMPTY_BODY = YES;
				CLANG_WARN_ENUM_CONVERSION = YES;
				CLANG_WARN_INT_CONVERSION = YES;
				CLANG_WARN_OBJC_ROOT_CLASS = YES_ERROR;
				CLANG_WARN_UNREACHABLE_CODE = YES;
				CLANG_WARN__DUPLICATE_METHOD_MATCH = YES;
				"CODE_SIGN_IDENTITY[sdk=iphoneos*]" = "iPhone Developer";
				COPY_PHASE_STRIP = NO;
				DEBUG_INFORMATION_FORMAT = dwarf;
				DEFINES_MODULE = YES;
				ENABLE_STRICT_OBJC_MSGSEND = YES;
				ENABLE_TESTABILITY = YES;
				GCC_C_LANGUAGE_STANDARD = gnu99;
				GCC_DYNAMIC_NO_PIC = NO;
				GCC_NO_COMMON_BLOCKS = YES;
				GCC_OPTIMIZATION_LEVEL = 0;
				GCC_PREPROCESSOR_DEFINITIONS = (
					"DEBUG=1",
					"$(inherited)",
				);
				GCC_WARN_64_TO_32_BIT_CONVERSION = YES;
				GCC_WARN_ABOUT_RETURN_TYPE = YES_ERROR;
				GCC_WARN_UNDECLARED_SELECTOR = YES;
				GCC_WARN_UNINITIALIZED_AUTOS = YES_AGGRESSIVE;
				GCC_WARN_UNUSED_FUNCTION = YES;
				GCC_WARN_UNUSED_VARIABLE = YES;
				IPHONEOS_DEPLOYMENT_TARGET = 9.0;
				MTL_ENABLE_DEBUG_INFO = YES;
				ONLY_ACTIVE_ARCH = YES;
				OTHER_LDFLAGS = "$(inherited)";
				SDKROOT = iphoneos;
				SWIFT_OPTIMIZATION_LEVEL = "-Onone";
			};
			name = Test;
		};
		FA72609B1B48C5BD00422466 /* Test */ = {
			isa = XCBuildConfiguration;
			buildSettings = {
				ASSETCATALOG_COMPILER_APPICON_NAME = AppIcon;
				INFOPLIST_FILE = SwiftExperiment/Info.plist;
				LD_RUNPATH_SEARCH_PATHS = "$(inherited) @executable_path/Frameworks";
				PRODUCT_BUNDLE_IDENTIFIER = com.conditionallyconvergent.SwiftExperiment;
				PRODUCT_NAME = "$(TARGET_NAME)";
			};
			name = Test;
		};
		FA72609C1B48C5BD00422466 /* Test */ = {
			isa = XCBuildConfiguration;
			baseConfigurationReference = 0F9962A49124172DACE62608 /* Pods-SwiftExperimentTests.test.xcconfig */;
			buildSettings = {
				BUNDLE_LOADER = "$(TEST_HOST)";
				FRAMEWORK_SEARCH_PATHS = "$(inherited)";
				INFOPLIST_FILE = SwiftExperimentTests/Info.plist;
				LD_RUNPATH_SEARCH_PATHS = "$(inherited) @executable_path/Frameworks @loader_path/Frameworks";
				PRODUCT_BUNDLE_IDENTIFIER = com.conditionallyconvergent.SwiftExperimentTests;
				PRODUCT_NAME = "$(TARGET_NAME)";
				TEST_HOST = "$(BUILT_PRODUCTS_DIR)/SwiftExperiment.app/SwiftExperiment";
			};
			name = Test;
		};
		FA72609D1B48C5BD00422466 /* Test */ = {
			isa = XCBuildConfiguration;
			baseConfigurationReference = 30F88B2E69623D8105C38C30 /* Pods-SwiftExperimentUITests.test.xcconfig */;
			buildSettings = {
				FRAMEWORK_SEARCH_PATHS = "$(inherited)";
				INFOPLIST_FILE = SwiftExperimentUITests/Info.plist;
				LD_RUNPATH_SEARCH_PATHS = "$(inherited) @executable_path/Frameworks @loader_path/Frameworks";
				PRODUCT_BUNDLE_IDENTIFIER = com.conditionallyconvergent.SwiftExperimentUITests;
				PRODUCT_NAME = "$(TARGET_NAME)";
				TEST_TARGET_NAME = SwiftExperiment;
				USES_XCTRUNNER = YES;
			};
			name = Test;
		};
		FA72609E1B48C5D200422466 /* Staging */ = {
			isa = XCBuildConfiguration;
			buildSettings = {
				ALWAYS_SEARCH_USER_PATHS = NO;
				CLANG_CXX_LANGUAGE_STANDARD = "gnu++0x";
				CLANG_CXX_LIBRARY = "libc++";
				CLANG_ENABLE_MODULES = YES;
				CLANG_ENABLE_OBJC_ARC = YES;
				CLANG_WARN_BOOL_CONVERSION = YES;
				CLANG_WARN_CONSTANT_CONVERSION = YES;
				CLANG_WARN_DIRECT_OBJC_ISA_USAGE = YES_ERROR;
				CLANG_WARN_EMPTY_BODY = YES;
				CLANG_WARN_ENUM_CONVERSION = YES;
				CLANG_WARN_INT_CONVERSION = YES;
				CLANG_WARN_OBJC_ROOT_CLASS = YES_ERROR;
				CLANG_WARN_UNREACHABLE_CODE = YES;
				CLANG_WARN__DUPLICATE_METHOD_MATCH = YES;
				"CODE_SIGN_IDENTITY[sdk=iphoneos*]" = "iPhone Developer";
				COPY_PHASE_STRIP = NO;
				DEBUG_INFORMATION_FORMAT = "dwarf-with-dsym";
				DEFINES_MODULE = YES;
				ENABLE_NS_ASSERTIONS = NO;
				ENABLE_STRICT_OBJC_MSGSEND = YES;
				GCC_C_LANGUAGE_STANDARD = gnu99;
				GCC_NO_COMMON_BLOCKS = YES;
				GCC_WARN_64_TO_32_BIT_CONVERSION = YES;
				GCC_WARN_ABOUT_RETURN_TYPE = YES_ERROR;
				GCC_WARN_UNDECLARED_SELECTOR = YES;
				GCC_WARN_UNINITIALIZED_AUTOS = YES_AGGRESSIVE;
				GCC_WARN_UNUSED_FUNCTION = YES;
				GCC_WARN_UNUSED_VARIABLE = YES;
				IPHONEOS_DEPLOYMENT_TARGET = 9.0;
				MTL_ENABLE_DEBUG_INFO = NO;
				OTHER_LDFLAGS = "$(inherited)";
				SDKROOT = iphoneos;
				VALIDATE_PRODUCT = YES;
			};
			name = Staging;
		};
		FA72609F1B48C5D200422466 /* Staging */ = {
			isa = XCBuildConfiguration;
			buildSettings = {
				ASSETCATALOG_COMPILER_APPICON_NAME = AppIcon;
				INFOPLIST_FILE = SwiftExperiment/Info.plist;
				LD_RUNPATH_SEARCH_PATHS = "$(inherited) @executable_path/Frameworks";
				PRODUCT_BUNDLE_IDENTIFIER = com.conditionallyconvergent.SwiftExperiment;
				PRODUCT_NAME = "$(TARGET_NAME)";
			};
			name = Staging;
		};
		FA7260A01B48C5D200422466 /* Staging */ = {
			isa = XCBuildConfiguration;
			baseConfigurationReference = 92291097CA6FF77A4C25F485 /* Pods-SwiftExperimentTests.staging.xcconfig */;
			buildSettings = {
				BUNDLE_LOADER = "$(TEST_HOST)";
				FRAMEWORK_SEARCH_PATHS = "$(inherited)";
				INFOPLIST_FILE = SwiftExperimentTests/Info.plist;
				LD_RUNPATH_SEARCH_PATHS = "$(inherited) @executable_path/Frameworks @loader_path/Frameworks";
				PRODUCT_BUNDLE_IDENTIFIER = com.conditionallyconvergent.SwiftExperimentTests;
				PRODUCT_NAME = "$(TARGET_NAME)";
				TEST_HOST = "$(BUILT_PRODUCTS_DIR)/SwiftExperiment.app/SwiftExperiment";
			};
			name = Staging;
		};
		FA7260A11B48C5D200422466 /* Staging */ = {
			isa = XCBuildConfiguration;
			baseConfigurationReference = E2AA8656D9F886B7449E3F55 /* Pods-SwiftExperimentUITests.staging.xcconfig */;
			buildSettings = {
				FRAMEWORK_SEARCH_PATHS = "$(inherited)";
				INFOPLIST_FILE = SwiftExperimentUITests/Info.plist;
				LD_RUNPATH_SEARCH_PATHS = "$(inherited) @executable_path/Frameworks @loader_path/Frameworks";
				PRODUCT_BUNDLE_IDENTIFIER = com.conditionallyconvergent.SwiftExperimentUITests;
				PRODUCT_NAME = "$(TARGET_NAME)";
				TEST_TARGET_NAME = SwiftExperiment;
				USES_XCTRUNNER = YES;
			};
			name = Staging;
		};
/* End XCBuildConfiguration section */

/* Begin XCConfigurationList section */
		FA4965531B47598500D487F1 /* Build configuration list for PBXProject "SwiftExperiment" */ = {
			isa = XCConfigurationList;
			buildConfigurations = (
				FA49657E1B47598500D487F1 /* Debug */,
				FA72609A1B48C5BD00422466 /* Test */,
				FA49657F1B47598500D487F1 /* Release */,
				FA72609E1B48C5D200422466 /* Staging */,
			);
			defaultConfigurationIsVisible = 0;
			defaultConfigurationName = Release;
		};
		FA4965801B47598500D487F1 /* Build configuration list for PBXNativeTarget "SwiftExperiment" */ = {
			isa = XCConfigurationList;
			buildConfigurations = (
				FA4965811B47598500D487F1 /* Debug */,
				FA72609B1B48C5BD00422466 /* Test */,
				FA4965821B47598500D487F1 /* Release */,
				FA72609F1B48C5D200422466 /* Staging */,
			);
			defaultConfigurationIsVisible = 0;
			defaultConfigurationName = Release;
		};
		FA4965831B47598500D487F1 /* Build configuration list for PBXNativeTarget "SwiftExperimentTests" */ = {
			isa = XCConfigurationList;
			buildConfigurations = (
				FA4965841B47598500D487F1 /* Debug */,
				FA72609C1B48C5BD00422466 /* Test */,
				FA4965851B47598500D487F1 /* Release */,
				FA7260A01B48C5D200422466 /* Staging */,
			);
			defaultConfigurationIsVisible = 0;
			defaultConfigurationName = Release;
		};
		FA4965861B47598500D487F1 /* Build configuration list for PBXNativeTarget "SwiftExperimentUITests" */ = {
			isa = XCConfigurationList;
			buildConfigurations = (
				FA4965871B47598500D487F1 /* Debug */,
				FA72609D1B48C5BD00422466 /* Test */,
				FA4965881B47598500D487F1 /* Release */,
				FA7260A11B48C5D200422466 /* Staging */,
			);
			defaultConfigurationIsVisible = 0;
			defaultConfigurationName = Release;
		};
/* End XCConfigurationList section */
	};
	rootObject = FA4965501B47598500D487F1 /* Project object */;
}
